
Microsoft Visual Studio Solution File, Format Version 12.00
# Visual Studio 2013
VisualStudioVersion = 12.0.21005.1
MinimumVisualStudioVersion = 10.0.40219.1
Project("{FAE04EC0-301F-11D3-BF4B-00C04F79EFBC}") = "Login", "Login\Login.csproj", "{EDEA635B-F21B-450C-BBDC-92001D489426}"
EndProject
Project("{FAE04EC0-301F-11D3-BF4B-00C04F79EFBC}") = "MiLibreria", "MiLibreria\MiLibreria.csproj", "{07845230-4129-4A8A-9408-D37CD8762F3E}"
EndProject
Global
	GlobalSection(SolutionConfigurationPlatforms) = preSolution
		Debug|Any CPU = Debug|Any CPU
		Release|Any CPU = Release|Any CPU
	EndGlobalSection
	GlobalSection(ProjectConfigurationPlatforms) = postSolution
		{EDEA635B-F21B-450C-BBDC-92001D489426}.Debug|Any CPU.ActiveCfg = Debug|Any CPU
		{EDEA635B-F21B-450C-BBDC-92001D489426}.Debug|Any CPU.Build.0 = Debug|Any CPU
		{EDEA635B-F21B-450C-BBDC-92001D489426}.Release|Any CPU.ActiveCfg = Release|Any CPU
		{EDEA635B-F21B-450C-BBDC-92001D489426}.Release|Any CPU.Build.0 = Release|Any CPU
		{07845230-4129-4A8A-9408-D37CD8762F3E}.Debug|Any CPU.ActiveCfg = Debug|Any CPU
		{07845230-4129-4A8A-9408-D37CD8762F3E}.Debug|Any CPU.Build.0 = Debug|Any CPU
		{07845230-4129-4A8A-9408-D37CD8762F3E}.Release|Any CPU.ActiveCfg = Release|Any CPU
		{07845230-4129-4A8A-9408-D37CD8762F3E}.Release|Any CPU.Build.0 = Release|Any CPU
	EndGlobalSection
	GlobalSection(SolutionProperties) = preSolution
		HideSolutionNode = FALSE
	EndGlobalSection
EndGlobal
